
Microsoft Visual Studio Solution File, Format Version 12.00
# Visual Studio Version 16
VisualStudioVersion = 16.0.29409.12
MinimumVisualStudioVersion = 10.0.40219.1
Project("{9A19103F-16F7-4668-BE54-9A1E7A4F7556}") = "Restaurant.Server", "Restaurant.Server\Restaurant.Server.csproj", "{888CF408-B6C3-4F5F-AEEC-A60D3C550512}"
EndProject
Project("{9A19103F-16F7-4668-BE54-9A1E7A4F7556}") = "Restaurant.Core", "Restaurant.Core\Restaurant.Core.csproj", "{11325638-5FCD-4626-85D9-F1CA8D26E5A0}"
EndProject
Project("{FAE04EC0-301F-11D3-BF4B-00C04F79EFBC}") = "Restaurant.Admin", "Restaurant.Admin\Restaurant.Admin.csproj", "{8BBB97E8-77AA-491C-84BC-1CD2464613D9}"
EndProject
Project("{FAE04EC0-301F-11D3-BF4B-00C04F79EFBC}") = "Restaurant.Test", "Restaurant.Test\Restaurant.Test.csproj", "{DD14BC0C-5C67-4D94-AE9E-FCAB7432866D}"
EndProject
Global
	GlobalSection(SolutionConfigurationPlatforms) = preSolution
		Debug|Any CPU = Debug|Any CPU
		Release|Any CPU = Release|Any CPU
	EndGlobalSection
	GlobalSection(ProjectConfigurationPlatforms) = postSolution
		{888CF408-B6C3-4F5F-AEEC-A60D3C550512}.Debug|Any CPU.ActiveCfg = Debug|Any CPU
		{888CF408-B6C3-4F5F-AEEC-A60D3C550512}.Debug|Any CPU.Build.0 = Debug|Any CPU
		{888CF408-B6C3-4F5F-AEEC-A60D3C550512}.Release|Any CPU.ActiveCfg = Release|Any CPU
		{888CF408-B6C3-4F5F-AEEC-A60D3C550512}.Release|Any CPU.Build.0 = Release|Any CPU
		{11325638-5FCD-4626-85D9-F1CA8D26E5A0}.Debug|Any CPU.ActiveCfg = Debug|Any CPU
		{11325638-5FCD-4626-85D9-F1CA8D26E5A0}.Debug|Any CPU.Build.0 = Debug|Any CPU
		{11325638-5FCD-4626-85D9-F1CA8D26E5A0}.Release|Any CPU.ActiveCfg = Release|Any CPU
		{11325638-5FCD-4626-85D9-F1CA8D26E5A0}.Release|Any CPU.Build.0 = Release|Any CPU
		{8BBB97E8-77AA-491C-84BC-1CD2464613D9}.Debug|Any CPU.ActiveCfg = Debug|Any CPU
		{8BBB97E8-77AA-491C-84BC-1CD2464613D9}.Debug|Any CPU.Build.0 = Debug|Any CPU
		{8BBB97E8-77AA-491C-84BC-1CD2464613D9}.Release|Any CPU.ActiveCfg = Release|Any CPU
		{8BBB97E8-77AA-491C-84BC-1CD2464613D9}.Release|Any CPU.Build.0 = Release|Any CPU
		{DD14BC0C-5C67-4D94-AE9E-FCAB7432866D}.Debug|Any CPU.ActiveCfg = Debug|Any CPU
		{DD14BC0C-5C67-4D94-AE9E-FCAB7432866D}.Debug|Any CPU.Build.0 = Debug|Any CPU
		{DD14BC0C-5C67-4D94-AE9E-FCAB7432866D}.Release|Any CPU.ActiveCfg = Release|Any CPU
		{DD14BC0C-5C67-4D94-AE9E-FCAB7432866D}.Release|Any CPU.Build.0 = Release|Any CPU
	EndGlobalSection
	GlobalSection(SolutionProperties) = preSolution
		HideSolutionNode = FALSE
	EndGlobalSection
	GlobalSection(ExtensibilityGlobals) = postSolution
		SolutionGuid = {2633CA0E-AF84-4809-98D3-EBF35A119BC9}
	EndGlobalSection
EndGlobal
